# THIS IS AN AUTOGENERATED FILE. DO NOT EDIT THIS FILE DIRECTLY.
# yarn lockfile v1


async@^2.1.4:
  version "2.1.4"
  resolved "https://registry.yarnpkg.com/async/-/async-2.1.4.tgz#2d2160c7788032e4dd6cbe2502f1f9a2c8f6cde4"
  dependencies:
    lodash "^4.14.0"

aws-sdk@^2.7.28:
  version "2.9.0"
  resolved "https://registry.yarnpkg.com/aws-sdk/-/aws-sdk-2.9.0.tgz#f258dcc295b1e7eca49d3624abfbf5f7d644172c"
  dependencies:
    buffer "4.9.1"
    crypto-browserify "1.0.9"
    jmespath "0.15.0"
    querystring "0.2.0"
    sax "1.1.5"
    url "0.10.3"
    uuid "3.0.0"
    xml2js "0.4.15"
    xmlbuilder "2.6.2"

base64-js@^1.0.2:
  version "1.2.0"
  resolved "https://registry.yarnpkg.com/base64-js/-/base64-js-1.2.0.tgz#a39992d723584811982be5e290bb6a53d86700f1"

buffer@4.9.1:
  version "4.9.1"
  resolved "https://registry.yarnpkg.com/buffer/-/buffer-4.9.1.tgz#6d1bb601b07a4efced97094132093027c95bc298"
  dependencies:
    base64-js "^1.0.2"
    ieee754 "^1.1.4"
    isarray "^1.0.0"

crypto-browserify@1.0.9:
  version "1.0.9"
  resolved "https://registry.yarnpkg.com/crypto-browserify/-/crypto-browserify-1.0.9.tgz#cc5449685dfb85eb11c9828acc7cb87ab5bbfcc0"

d@^0.1.1, d@~0.1.1:
  version "0.1.1"
  resolved "https://registry.yarnpkg.com/d/-/d-0.1.1.tgz#da184c535d18d8ee7ba2aa229b914009fae11309"
  dependencies:
    es5-ext "~0.10.2"

deferred@^0.7.5:
  version "0.7.5"
  resolved "https://registry.yarnpkg.com/deferred/-/deferred-0.7.5.tgz#6b02c3816b8e5ec8f0f33cea3e7ef3595e7e5c73"
  dependencies:
    d "~0.1.1"
    es5-ext "~0.10.11"
    event-emitter "~0.3.4"
    next-tick "~0.2.2"
    timers-ext "0.1"

dotenv@^4.0.0:
  version "4.0.0"
  resolved "https://registry.yarnpkg.com/dotenv/-/dotenv-4.0.0.tgz#864ef1379aced55ce6f95debecdce179f7a0cd1d"

es5-ext@^0.10.7, es5-ext@~0.10.11, es5-ext@~0.10.2, es5-ext@~0.10.7:
  version "0.10.12"
  resolved "https://registry.yarnpkg.com/es5-ext/-/es5-ext-0.10.12.tgz#aa84641d4db76b62abba5e45fd805ecbab140047"
  dependencies:
    es6-iterator "2"
    es6-symbol "~3.1"

es6-iterator@2:
  version "2.0.0"
  resolved "https://registry.yarnpkg.com/es6-iterator/-/es6-iterator-2.0.0.tgz#bd968567d61635e33c0b80727613c9cb4b096bac"
  dependencies:
    d "^0.1.1"
    es5-ext "^0.10.7"
    es6-symbol "3"

es6-symbol@3, es6-symbol@~3.1:
  version "3.1.0"
  resolved "https://registry.yarnpkg.com/es6-symbol/-/es6-symbol-3.1.0.tgz#94481c655e7a7cad82eba832d97d5433496d7ffa"
  dependencies:
    d "~0.1.1"
    es5-ext "~0.10.11"

event-emitter@~0.3.4:
  version "0.3.4"
  resolved "https://registry.yarnpkg.com/event-emitter/-/event-emitter-0.3.4.tgz#8d63ddfb4cfe1fae3b32ca265c4c720222080bb5"
  dependencies:
    d "~0.1.1"
    es5-ext "~0.10.7"

ieee754@^1.1.4:
  version "1.1.8"
  resolved "https://registry.yarnpkg.com/ieee754/-/ieee754-1.1.8.tgz#be33d40ac10ef1926701f6f08a2d86fbfd1ad3e4"

inherits@2.0.1:
  version "2.0.1"
  resolved "https://registry.yarnpkg.com/inherits/-/inherits-2.0.1.tgz#b17d08d326b4423e568eff719f91b0b1cbdf69f1"

isarray@^1.0.0:
  version "1.0.0"
  resolved "https://registry.yarnpkg.com/isarray/-/isarray-1.0.0.tgz#bb935d48582cba168c06834957a54a3e07124f11"

jmespath@0.15.0:
  version "0.15.0"
  resolved "https://registry.yarnpkg.com/jmespath/-/jmespath-0.15.0.tgz#a3f222a9aae9f966f5d27c796510e28091764217"

lodash@^4.14.0:
  version "4.17.4"
  resolved "https://registry.yarnpkg.com/lodash/-/lodash-4.17.4.tgz#78203a4d1c328ae1d86dca6460e369b57f4055ae"

lodash@~3.5.0:
  version "3.5.0"
  resolved "https://registry.yarnpkg.com/lodash/-/lodash-3.5.0.tgz#19bb3f4d51278f0b8c818ed145c74ecf9fe40e6d"

next-tick@~0.2.2:
  version "0.2.2"
  resolved "https://registry.yarnpkg.com/next-tick/-/next-tick-0.2.2.tgz#75da4a927ee5887e39065880065b7336413b310d"

path@^0.12.7:
  version "0.12.7"
  resolved "https://registry.yarnpkg.com/path/-/path-0.12.7.tgz#d4dc2a506c4ce2197eb481ebfcd5b36c0140b10f"
  dependencies:
    process "^0.11.1"
    util "^0.10.3"

process@^0.11.1:
  version "0.11.9"
  resolved "https://registry.yarnpkg.com/process/-/process-0.11.9.tgz#7bd5ad21aa6253e7da8682264f1e11d11c0318c1"

punycode@1.3.2:
  version "1.3.2"
  resolved "https://registry.yarnpkg.com/punycode/-/punycode-1.3.2.tgz#9653a036fb7c1ee42342f2325cceefea3926c48d"

querystring@0.2.0:
  version "0.2.0"
  resolved "https://registry.yarnpkg.com/querystring/-/querystring-0.2.0.tgz#b209849203bb25df820da756e747005878521620"

sax@1.1.5, sax@>=0.6.0:
  version "1.1.5"
  resolved "https://registry.yarnpkg.com/sax/-/sax-1.1.5.tgz#1da50a8d00cdecd59405659f5ff85349fe773743"

timers-ext@0.1:
  version "0.1.0"
  resolved "https://registry.yarnpkg.com/timers-ext/-/timers-ext-0.1.0.tgz#00345a2ca93089d1251322054389d263e27b77e2"
  dependencies:
    es5-ext "~0.10.2"
    next-tick "~0.2.2"

url@0.10.3:
  version "0.10.3"
  resolved "https://registry.yarnpkg.com/url/-/url-0.10.3.tgz#021e4d9c7705f21bbf37d03ceb58767402774c64"
  dependencies:
    punycode "1.3.2"
    querystring "0.2.0"

util@^0.10.3:
  version "0.10.3"
  resolved "https://registry.yarnpkg.com/util/-/util-0.10.3.tgz#7afb1afe50805246489e3db7fe0ed379336ac0f9"
  dependencies:
    inherits "2.0.1"

uuid@3.0.0:
  version "3.0.0"
  resolved "https://registry.yarnpkg.com/uuid/-/uuid-3.0.0.tgz#6728fc0459c450d796a99c31837569bdf672d728"

xml2js@0.4.15:
  version "0.4.15"
  resolved "https://registry.yarnpkg.com/xml2js/-/xml2js-0.4.15.tgz#95cd03ff2dd144ec28bc6273bf2b2890c581ad0c"
  dependencies:
    sax ">=0.6.0"
    xmlbuilder ">=2.4.6"

xmlbuilder@2.6.2, xmlbuilder@>=2.4.6:
  version "2.6.2"
  resolved "https://registry.yarnpkg.com/xmlbuilder/-/xmlbuilder-2.6.2.tgz#f916f6d10d45dc171b1be2e6e673fb6e0cc35d0a"
  dependencies:
    lodash "~3.5.0"
